
Microsoft Visual Studio Solution File, Format Version 12.00
# Visual Studio Version 16
VisualStudioVersion = 16.0.30804.86
MinimumVisualStudioVersion = 10.0.40219.1
Project("{FAE04EC0-301F-11D3-BF4B-00C04F79EFBC}") = "MTEFacit", "MTEFacit\MTEFacit.csproj", "{0FBC73AD-BE6C-4789-9533-A54D0EB43C85}"
EndProject
Global
	GlobalSection(SolutionConfigurationPlatforms) = preSolution
		Debug|Any CPU = Debug|Any CPU
		Release|Any CPU = Release|Any CPU
	EndGlobalSection
	GlobalSection(ProjectConfigurationPlatforms) = postSolution
		{0FBC73AD-BE6C-4789-9533-A54D0EB43C85}.Debug|Any CPU.ActiveCfg = Debug|Any CPU
		{0FBC73AD-BE6C-4789-9533-A54D0EB43C85}.Debug|Any CPU.Build.0 = Debug|Any CPU
		{0FBC73AD-BE6C-4789-9533-A54D0EB43C85}.Release|Any CPU.ActiveCfg = Release|Any CPU
		{0FBC73AD-BE6C-4789-9533-A54D0EB43C85}.Release|Any CPU.Build.0 = Release|Any CPU
	EndGlobalSection
	GlobalSection(SolutionProperties) = preSolution
		HideSolutionNode = FALSE
	EndGlobalSection
	GlobalSection(ExtensibilityGlobals) = postSolution
		SolutionGuid = {73625D82-5ABF-4A5A-9875-9DBECCC3CDC0}
	EndGlobalSection
EndGlobal
